
Microsoft Visual Studio Solution File, Format Version 12.00
# Visual Studio Version 16
VisualStudioVersion = 16.0.30503.244
MinimumVisualStudioVersion = 10.0.40219.1
Project("{9A19103F-16F7-4668-BE54-9A1E7A4F7556}") = "FunctionBrokenSqlDependency", "C:\Users\pcsikos\source\repos\FunctionBrokenSqlDependency\FunctionBrokenSqlDependency\FunctionBrokenSqlDependency.csproj", "{2147C7B2-9ADD-4F9A-8B37-299C640959C7}"
EndProject
Global
	GlobalSection(SolutionConfigurationPlatforms) = preSolution
		Debug|Any CPU = Debug|Any CPU
		Release|Any CPU = Release|Any CPU
	EndGlobalSection
	GlobalSection(ProjectConfigurationPlatforms) = postSolution
		{2147C7B2-9ADD-4F9A-8B37-299C640959C7}.Debug|Any CPU.ActiveCfg = Debug|Any CPU
		{2147C7B2-9ADD-4F9A-8B37-299C640959C7}.Debug|Any CPU.Build.0 = Debug|Any CPU
		{2147C7B2-9ADD-4F9A-8B37-299C640959C7}.Release|Any CPU.ActiveCfg = Release|Any CPU
		{2147C7B2-9ADD-4F9A-8B37-299C640959C7}.Release|Any CPU.Build.0 = Release|Any CPU
	EndGlobalSection
	GlobalSection(SolutionProperties) = preSolution
		HideSolutionNode = FALSE
	EndGlobalSection
	GlobalSection(ExtensibilityGlobals) = postSolution
		SolutionGuid = {1163E442-21C0-4CD9-A4B1-DEF1D4C7121D}
	EndGlobalSection
EndGlobal
